
Microsoft Visual Studio Solution File, Format Version 12.00
# Visual Studio Version 17
VisualStudioVersion = 17.6.33801.468
MinimumVisualStudioVersion = 10.0.40219.1
Project("{FAE04EC0-301F-11D3-BF4B-00C04F79EFBC}") = "TCallingTask", "TCallingTask.csproj", "{B28AF426-9456-4D5C-A7C1-DA80EEBC4294}"
EndProject
Global
	GlobalSection(SolutionConfigurationPlatforms) = preSolution
		Debug|Any CPU = Debug|Any CPU
		Release|Any CPU = Release|Any CPU
	EndGlobalSection
	GlobalSection(ProjectConfigurationPlatforms) = postSolution
		{B28AF426-9456-4D5C-A7C1-DA80EEBC4294}.Debug|Any CPU.ActiveCfg = Debug|Any CPU
		{B28AF426-9456-4D5C-A7C1-DA80EEBC4294}.Debug|Any CPU.Build.0 = Debug|Any CPU
		{B28AF426-9456-4D5C-A7C1-DA80EEBC4294}.Release|Any CPU.ActiveCfg = Release|Any CPU
		{B28AF426-9456-4D5C-A7C1-DA80EEBC4294}.Release|Any CPU.Build.0 = Release|Any CPU
	EndGlobalSection
	GlobalSection(SolutionProperties) = preSolution
		HideSolutionNode = FALSE
	EndGlobalSection
	GlobalSection(ExtensibilityGlobals) = postSolution
		SolutionGuid = {4DA4AE70-A075-46BF-8F74-1692F04D30FC}
	EndGlobalSection
EndGlobal
